// !$*UTF8*$!
{
	archiveVersion = 1;
	classes = {
	};
	objectVersion = 45;
	objects = {

/* Begin PBXBuildFile section */
		0511F3590E71B64E003FFA22 /* Board.m in Sources */ = {isa = PBXBuildFile; fileRef = 0511F3580E71B64E003FFA22 /* Board.m */; };
		0511F5760E742C5F003FFA22 /* CInvocationGrabber.m in Sources */ = {isa = PBXBuildFile; fileRef = 0511F5740E742C5F003FFA22 /* CInvocationGrabber.m */; };
		0511F6180E743977003FFA22 /* OLSoundPlayer.m in Sources */ = {isa = PBXBuildFile; fileRef = 0511F6170E743977003FFA22 /* OLSoundPlayer.m */; };
		0511F6AA0E744774003FFA22 /* AI.m in Sources */ = {isa = PBXBuildFile; fileRef = 0511F6A90E744774003FFA22 /* AI.m */; };
		0517F3FA0E59E6F30075F5A9 /* cog-screw.png in Resources */ = {isa = PBXBuildFile; fileRef = 0517F3F70E59E6F30075F5A9 /* cog-screw.png */; };
		0517F3FB0E59E6F30075F5A9 /* cog 150px 6cog 35deg.png in Resources */ = {isa = PBXBuildFile; fileRef = 0517F3F80E59E6F30075F5A9 /* cog 150px 6cog 35deg.png */; };
		0517F3FC0E59E6F30075F5A9 /* cog 150px 12cog 35deg.png in Resources */ = {isa = PBXBuildFile; fileRef = 0517F3F90E59E6F30075F5A9 /* cog 150px 12cog 35deg.png */; };
		0517F40A0E59EAF40075F5A9 /* Text vertcal.png in Resources */ = {isa = PBXBuildFile; fileRef = 0517F4090E59EAF40075F5A9 /* Text vertcal.png */; };
		0517F4650E59EE700075F5A9 /* background.png in Resources */ = {isa = PBXBuildFile; fileRef = 0517F4640E59EE700075F5A9 /* background.png */; };
		0530E0320E5B59E200C73DC6 /* icon.png in Resources */ = {isa = PBXBuildFile; fileRef = 0530E0310E5B59E200C73DC6 /* icon.png */; };
		053185710EF793EE0054A00D /* AVFoundation.framework in Frameworks */ = {isa = PBXBuildFile; fileRef = 053185700EF793EE0054A00D /* AVFoundation.framework */; };
		053494260E60B1B4003A834C /* win.wav in Resources */ = {isa = PBXBuildFile; fileRef = 053494250E60B1B4003A834C /* win.wav */; };
		053494470E60BBF1003A834C /* Default.png in Resources */ = {isa = PBXBuildFile; fileRef = 053494460E60BBF1003A834C /* Default.png */; };
		0541F5370E5EFFEE000D6368 /* AudioToolbox.framework in Frameworks */ = {isa = PBXBuildFile; fileRef = 0541F5360E5EFFEE000D6368 /* AudioToolbox.framework */; };
		054615D00E5E0E9600DAF3BD /* ScoreIndicator.m in Sources */ = {isa = PBXBuildFile; fileRef = 054615CF0E5E0E9600DAF3BD /* ScoreIndicator.m */; };
		0546168E0E5E220600DAF3BD /* gloss.png in Resources */ = {isa = PBXBuildFile; fileRef = 0546168D0E5E220600DAF3BD /* gloss.png */; };
		054F78610E97D7B000E17413 /* libPinchAnalytics.a in Frameworks */ = {isa = PBXBuildFile; fileRef = 054F78600E97D7B000E17413 /* libPinchAnalytics.a */; };
		054F78660E97D83400E17413 /* SystemConfiguration.framework in Frameworks */ = {isa = PBXBuildFile; fileRef = 054F78650E97D83400E17413 /* SystemConfiguration.framework */; };
		054F78680E97D83900E17413 /* CoreLocation.framework in Frameworks */ = {isa = PBXBuildFile; fileRef = 054F78670E97D83900E17413 /* CoreLocation.framework */; };
		0589082F0E749ECB0014135B /* AIMinMax.m in Sources */ = {isa = PBXBuildFile; fileRef = 0589082E0E749ECB0014135B /* AIMinMax.m */; };
		0589946B0E5F15BA002BF0FE /* explosion.wav in Resources */ = {isa = PBXBuildFile; fileRef = 0589946A0E5F15BA002BF0FE /* explosion.wav */; };
		058994700E5F162A002BF0FE /* charge75.wav in Resources */ = {isa = PBXBuildFile; fileRef = 0589946C0E5F162A002BF0FE /* charge75.wav */; };
		058994710E5F162A002BF0FE /* charge100.wav in Resources */ = {isa = PBXBuildFile; fileRef = 0589946D0E5F162A002BF0FE /* charge100.wav */; };
		058994720E5F162A002BF0FE /* charge50.wav in Resources */ = {isa = PBXBuildFile; fileRef = 0589946E0E5F162A002BF0FE /* charge50.wav */; };
		058994730E5F162A002BF0FE /* charge25.wav in Resources */ = {isa = PBXBuildFile; fileRef = 0589946F0E5F162A002BF0FE /* charge25.wav */; };
		058FEB870EF841DF006FDFDA /* AVAudioPlayerQueue.m in Sources */ = {isa = PBXBuildFile; fileRef = 058FEB860EF841DF006FDFDA /* AVAudioPlayerQueue.m */; };
		05A762430EFBFD54005D899A /* tile-75.png in Resources */ = {isa = PBXBuildFile; fileRef = 05A7623F0EFBFD54005D899A /* tile-75.png */; };
		05A762440EFBFD54005D899A /* tile-25.png in Resources */ = {isa = PBXBuildFile; fileRef = 05A762400EFBFD54005D899A /* tile-25.png */; };
		05A762450EFBFD54005D899A /* tile-50.png in Resources */ = {isa = PBXBuildFile; fileRef = 05A762410EFBFD54005D899A /* tile-50.png */; };
		05A762460EFBFD54005D899A /* tile-0.png in Resources */ = {isa = PBXBuildFile; fileRef = 05A762420EFBFD54005D899A /* tile-0.png */; };
		05A762D90EFCE9EF005D899A /* AI2.m in Sources */ = {isa = PBXBuildFile; fileRef = 05A762D80EFCE9EF005D899A /* AI2.m */; };
		05A7640D0EFE655C005D899A /* MediaPlayer.framework in Frameworks */ = {isa = PBXBuildFile; fileRef = 05A7640C0EFE655C005D899A /* MediaPlayer.framework */; };
		05CF88440E5F59BF00E2D8B4 /* tile.png in Resources */ = {isa = PBXBuildFile; fileRef = 05CF88430E5F59BF00E2D8B4 /* tile.png */; };
		05CF88E80E5F78DF00E2D8B4 /* lose-p1.png in Resources */ = {isa = PBXBuildFile; fileRef = 05CF88E40E5F78DF00E2D8B4 /* lose-p1.png */; };
		05CF88E90E5F78DF00E2D8B4 /* win-p1.png in Resources */ = {isa = PBXBuildFile; fileRef = 05CF88E50E5F78DF00E2D8B4 /* win-p1.png */; };
		05CF88EA0E5F78DF00E2D8B4 /* lose-p2.png in Resources */ = {isa = PBXBuildFile; fileRef = 05CF88E60E5F78DF00E2D8B4 /* lose-p2.png */; };
		05CF88EB0E5F78DF00E2D8B4 /* win-p2.png in Resources */ = {isa = PBXBuildFile; fileRef = 05CF88E70E5F78DF00E2D8B4 /* win-p2.png */; };
		05D77E9A0E58C7D400FB00DB /* ScoreBarView.m in Sources */ = {isa = PBXBuildFile; fileRef = 05D77E990E58C7D400FB00DB /* ScoreBarView.m */; };
		05D77F8E0E58E63E00FB00DB /* TypesAndConstants.m in Sources */ = {isa = PBXBuildFile; fileRef = 05D77F8D0E58E63E00FB00DB /* TypesAndConstants.m */; };
		05D77FDF0E58E93F00FB00DB /* QuartzCore.framework in Frameworks */ = {isa = PBXBuildFile; fileRef = 05D77FDE0E58E93F00FB00DB /* QuartzCore.framework */; };
		05D780C70E58FA7400FB00DB /* CoreGraphics.framework in Frameworks */ = {isa = PBXBuildFile; fileRef = 05D780C60E58FA7400FB00DB /* CoreGraphics.framework */; };
		05D7828D0E59152700FB00DB /* dist.plist in Resources */ = {isa = PBXBuildFile; fileRef = 05D7828C0E59152700FB00DB /* dist.plist */; };
		05DD21620F28EFC0001A8532 /* Beacon+OptIn.m in Sources */ = {isa = PBXBuildFile; fileRef = 05DD21610F28EFC0001A8532 /* Beacon+OptIn.m */; };
		05E03B490F2A33C5006E6190 /* BoardViewGL.m in Sources */ = {isa = PBXBuildFile; fileRef = 05E03B470F2A33C5006E6190 /* BoardViewGL.m */; };
		05E03BAE0F2B20F2006E6190 /* OpenGLES.framework in Frameworks */ = {isa = PBXBuildFile; fileRef = 05E03BAD0F2B20F2006E6190 /* OpenGLES.framework */; };
		05E03BB00F2B211B006E6190 /* libsqlite3.dylib in Frameworks */ = {isa = PBXBuildFile; fileRef = 05E03BAF0F2B211B006E6190 /* libsqlite3.dylib */; };
		05E03BCB0F2B2690006E6190 /* BoardTileView.m in Sources */ = {isa = PBXBuildFile; fileRef = 05E03BC80F2B2690006E6190 /* BoardTileView.m */; };
		05E03BCC0F2B2690006E6190 /* BoardView.m in Sources */ = {isa = PBXBuildFile; fileRef = 05E03BCA0F2B2690006E6190 /* BoardView.m */; };
		1D3623260D0F684500981E51 /* MobileOverloadAppDelegate.m in Sources */ = {isa = PBXBuildFile; fileRef = 1D3623250D0F684500981E51 /* MobileOverloadAppDelegate.m */; };
		1D60589B0D05DD56006BFB54 /* main.m in Sources */ = {isa = PBXBuildFile; fileRef = 29B97316FDCFA39411CA2CEA /* main.m */; };
		1D60589F0D05DD5A006BFB54 /* Foundation.framework in Frameworks */ = {isa = PBXBuildFile; fileRef = 1D30AB110D05D00D00671497 /* Foundation.framework */; };
		1DF5F4E00D08C38300B7A737 /* UIKit.framework in Frameworks */ = {isa = PBXBuildFile; fileRef = 1DF5F4DF0D08C38300B7A737 /* UIKit.framework */; };
		280E754D0DD40C5E005A515E /* FlipsideView.xib in Resources */ = {isa = PBXBuildFile; fileRef = 280E754A0DD40C5E005A515E /* FlipsideView.xib */; };
		280E754E0DD40C5E005A515E /* MainView.xib in Resources */ = {isa = PBXBuildFile; fileRef = 280E754B0DD40C5E005A515E /* MainView.xib */; };
		280E754F0DD40C5E005A515E /* MainWindow.xib in Resources */ = {isa = PBXBuildFile; fileRef = 280E754C0DD40C5E005A515E /* MainWindow.xib */; };
		289233AE0DB2D0DB0083E9F9 /* BoardViewController.m in Sources */ = {isa = PBXBuildFile; fileRef = 289233A90DB2D0DB0083E9F9 /* BoardViewController.m */; };
		289233AF0DB2D0DB0083E9F9 /* RootViewController.m in Sources */ = {isa = PBXBuildFile; fileRef = 289233AB0DB2D0DB0083E9F9 /* RootViewController.m */; };
		289233B00DB2D0DB0083E9F9 /* FlipsideViewController.m in Sources */ = {isa = PBXBuildFile; fileRef = 289233AD0DB2D0DB0083E9F9 /* FlipsideViewController.m */; };
/* End PBXBuildFile section */

/* Begin PBXFileReference section */
		0511F3570E71B64E003FFA22 /* Board.h */ = {isa = PBXFileReference; fileEncoding = 4; lastKnownFileType = sourcecode.c.h; path = Board.h; sourceTree = "<group>"; };
		0511F3580E71B64E003FFA22 /* Board.m */ = {isa = PBXFileReference; fileEncoding = 4; lastKnownFileType = sourcecode.c.objc; path = Board.m; sourceTree = "<group>"; };
		0511F5740E742C5F003FFA22 /* CInvocationGrabber.m */ = {isa = PBXFileReference; fileEncoding = 4; lastKnownFileType = sourcecode.c.objc; path = CInvocationGrabber.m; sourceTree = "<group>"; };
		0511F5750E742C5F003FFA22 /* CInvocationGrabber.h */ = {isa = PBXFileReference; fileEncoding = 4; lastKnownFileType = sourcecode.c.h; path = CInvocationGrabber.h; sourceTree = "<group>"; };
		0511F6160E743977003FFA22 /* OLSoundPlayer.h */ = {isa = PBXFileReference; fileEncoding = 4; lastKnownFileType = sourcecode.c.h; path = OLSoundPlayer.h; sourceTree = "<group>"; };
		0511F6170E743977003FFA22 /* OLSoundPlayer.m */ = {isa = PBXFileReference; fileEncoding = 4; lastKnownFileType = sourcecode.c.objc; path = OLSoundPlayer.m; sourceTree = "<group>"; };
		0511F6A80E744774003FFA22 /* AI.h */ = {isa = PBXFileReference; fileEncoding = 4; lastKnownFileType = sourcecode.c.h; path = AI.h; sourceTree = "<group>"; };
		0511F6A90E744774003FFA22 /* AI.m */ = {isa = PBXFileReference; fileEncoding = 4; lastKnownFileType = sourcecode.c.objc; path = AI.m; sourceTree = "<group>"; };
		0517F3F70E59E6F30075F5A9 /* cog-screw.png */ = {isa = PBXFileReference; lastKnownFileType = image.png; path = "cog-screw.png"; sourceTree = "<group>"; };
		0517F3F80E59E6F30075F5A9 /* cog 150px 6cog 35deg.png */ = {isa = PBXFileReference; lastKnownFileType = image.png; path = "cog 150px 6cog 35deg.png"; sourceTree = "<group>"; };
		0517F3F90E59E6F30075F5A9 /* cog 150px 12cog 35deg.png */ = {isa = PBXFileReference; lastKnownFileType = image.png; path = "cog 150px 12cog 35deg.png"; sourceTree = "<group>"; };
		0517F4090E59EAF40075F5A9 /* Text vertcal.png */ = {isa = PBXFileReference; lastKnownFileType = image.png; path = "Text vertcal.png"; sourceTree = "<group>"; };
		0517F4640E59EE700075F5A9 /* background.png */ = {isa = PBXFileReference; lastKnownFileType = image.png; path = background.png; sourceTree = "<group>"; };
		0530DFFD0E5B474700C73DC6 /* todo.taskpaper */ = {isa = PBXFileReference; fileEncoding = 4; lastKnownFileType = text; path = todo.taskpaper; sourceTree = "<group>"; };
		0530E0310E5B59E200C73DC6 /* icon.png */ = {isa = PBXFileReference; lastKnownFileType = image.png; path = icon.png; sourceTree = "<group>"; };
		053185700EF793EE0054A00D /* AVFoundation.framework */ = {isa = PBXFileReference; lastKnownFileType = wrapper.framework; name = AVFoundation.framework; path = System/Library/Frameworks/AVFoundation.framework; sourceTree = SDKROOT; };
		053494250E60B1B4003A834C /* win.wav */ = {isa = PBXFileReference; lastKnownFileType = audio.wav; path = win.wav; sourceTree = "<group>"; };
		053494460E60BBF1003A834C /* Default.png */ = {isa = PBXFileReference; lastKnownFileType = image.png; path = Default.png; sourceTree = "<group>"; };
		0541F5360E5EFFEE000D6368 /* AudioToolbox.framework */ = {isa = PBXFileReference; lastKnownFileType = wrapper.framework; name = AudioToolbox.framework; path = /System/Library/Frameworks/AudioToolbox.framework; sourceTree = "<absolute>"; };
		054615CE0E5E0E9600DAF3BD /* ScoreIndicator.h */ = {isa = PBXFileReference; fileEncoding = 4; lastKnownFileType = sourcecode.c.h; path = ScoreIndicator.h; sourceTree = "<group>"; };
		054615CF0E5E0E9600DAF3BD /* ScoreIndicator.m */ = {isa = PBXFileReference; fileEncoding = 4; lastKnownFileType = sourcecode.c.objc; path = ScoreIndicator.m; sourceTree = "<group>"; };
		0546168D0E5E220600DAF3BD /* gloss.png */ = {isa = PBXFileReference; lastKnownFileType = image.png; path = gloss.png; sourceTree = "<group>"; };
		054F785F0E97D7B000E17413 /* Beacon.h */ = {isa = PBXFileReference; fileEncoding = 4; lastKnownFileType = sourcecode.c.h; path = Beacon.h; sourceTree = "<group>"; };
		054F78600E97D7B000E17413 /* libPinchAnalytics.a */ = {isa = PBXFileReference; lastKnownFileType = archive.ar; path = libPinchAnalytics.a; sourceTree = "<group>"; };
		054F78650E97D83400E17413 /* SystemConfiguration.framework */ = {isa = PBXFileReference; lastKnownFileType = wrapper.framework; name = SystemConfiguration.framework; path = System/Library/Frameworks/SystemConfiguration.framework; sourceTree = SDKROOT; };
		054F78670E97D83900E17413 /* CoreLocation.framework */ = {isa = PBXFileReference; lastKnownFileType = wrapper.framework; name = CoreLocation.framework; path = System/Library/Frameworks/CoreLocation.framework; sourceTree = SDKROOT; };
		0589082D0E749ECB0014135B /* AIMinMax.h */ = {isa = PBXFileReference; fileEncoding = 4; lastKnownFileType = sourcecode.c.h; path = AIMinMax.h; sourceTree = "<group>"; };
		0589082E0E749ECB0014135B /* AIMinMax.m */ = {isa = PBXFileReference; fileEncoding = 4; lastKnownFileType = sourcecode.c.objc; path = AIMinMax.m; sourceTree = "<group>"; };
		0589946A0E5F15BA002BF0FE /* explosion.wav */ = {isa = PBXFileReference; lastKnownFileType = audio.wav; path = explosion.wav; sourceTree = "<group>"; };
		0589946C0E5F162A002BF0FE /* charge75.wav */ = {isa = PBXFileReference; lastKnownFileType = audio.wav; path = charge75.wav; sourceTree = "<group>"; };
		0589946D0E5F162A002BF0FE /* charge100.wav */ = {isa = PBXFileReference; lastKnownFileType = audio.wav; path = charge100.wav; sourceTree = "<group>"; };
		0589946E0E5F162A002BF0FE /* charge50.wav */ = {isa = PBXFileReference; lastKnownFileType = audio.wav; path = charge50.wav; sourceTree = "<group>"; };
		0589946F0E5F162A002BF0FE /* charge25.wav */ = {isa = PBXFileReference; lastKnownFileType = audio.wav; path = charge25.wav; sourceTree = "<group>"; };
		058FEB850EF841DF006FDFDA /* AVAudioPlayerQueue.h */ = {isa = PBXFileReference; fileEncoding = 4; lastKnownFileType = sourcecode.c.h; path = AVAudioPlayerQueue.h; sourceTree = "<group>"; };
		058FEB860EF841DF006FDFDA /* AVAudioPlayerQueue.m */ = {isa = PBXFileReference; fileEncoding = 4; lastKnownFileType = sourcecode.c.objc; path = AVAudioPlayerQueue.m; sourceTree = "<group>"; };
		05A7623F0EFBFD54005D899A /* tile-75.png */ = {isa = PBXFileReference; lastKnownFileType = image.png; path = "tile-75.png"; sourceTree = "<group>"; };
		05A762400EFBFD54005D899A /* tile-25.png */ = {isa = PBXFileReference; lastKnownFileType = image.png; path = "tile-25.png"; sourceTree = "<group>"; };
		05A762410EFBFD54005D899A /* tile-50.png */ = {isa = PBXFileReference; lastKnownFileType = image.png; path = "tile-50.png"; sourceTree = "<group>"; };
		05A762420EFBFD54005D899A /* tile-0.png */ = {isa = PBXFileReference; lastKnownFileType = image.png; path = "tile-0.png"; sourceTree = "<group>"; };
		05A762D70EFCE9EF005D899A /* AI2.h */ = {isa = PBXFileReference; fileEncoding = 4; lastKnownFileType = sourcecode.c.h; path = AI2.h; sourceTree = "<group>"; };
		05A762D80EFCE9EF005D899A /* AI2.m */ = {isa = PBXFileReference; fileEncoding = 4; lastKnownFileType = sourcecode.c.objc; path = AI2.m; sourceTree = "<group>"; };
		05A7640C0EFE655C005D899A /* MediaPlayer.framework */ = {isa = PBXFileReference; lastKnownFileType = wrapper.framework; name = MediaPlayer.framework; path = System/Library/Frameworks/MediaPlayer.framework; sourceTree = SDKROOT; };
		05CF88430E5F59BF00E2D8B4 /* tile.png */ = {isa = PBXFileReference; lastKnownFileType = image.png; path = tile.png; sourceTree = "<group>"; };
		05CF88E40E5F78DF00E2D8B4 /* lose-p1.png */ = {isa = PBXFileReference; lastKnownFileType = image.png; path = "lose-p1.png"; sourceTree = "<group>"; };
		05CF88E50E5F78DF00E2D8B4 /* win-p1.png */ = {isa = PBXFileReference; lastKnownFileType = image.png; path = "win-p1.png"; sourceTree = "<group>"; };
		05CF88E60E5F78DF00E2D8B4 /* lose-p2.png */ = {isa = PBXFileReference; lastKnownFileType = image.png; path = "lose-p2.png"; sourceTree = "<group>"; };
		05CF88E70E5F78DF00E2D8B4 /* win-p2.png */ = {isa = PBXFileReference; lastKnownFileType = image.png; path = "win-p2.png"; sourceTree = "<group>"; };
		05D77E980E58C7D400FB00DB /* ScoreBarView.h */ = {isa = PBXFileReference; fileEncoding = 4; lastKnownFileType = sourcecode.c.h; path = ScoreBarView.h; sourceTree = "<group>"; };
		05D77E990E58C7D400FB00DB /* ScoreBarView.m */ = {isa = PBXFileReference; fileEncoding = 4; lastKnownFileType = sourcecode.c.objc; path = ScoreBarView.m; sourceTree = "<group>"; };
		05D77F8C0E58E62300FB00DB /* TypesAndConstants.h */ = {isa = PBXFileReference; fileEncoding = 4; lastKnownFileType = sourcecode.c.h; path = TypesAndConstants.h; sourceTree = "<group>"; };
		05D77F8D0E58E63E00FB00DB /* TypesAndConstants.m */ = {isa = PBXFileReference; fileEncoding = 4; lastKnownFileType = sourcecode.c.objc; path = TypesAndConstants.m; sourceTree = "<group>"; };
		05D77FDE0E58E93F00FB00DB /* QuartzCore.framework */ = {isa = PBXFileReference; lastKnownFileType = wrapper.framework; name = QuartzCore.framework; path = /System/Library/Frameworks/QuartzCore.framework; sourceTree = "<absolute>"; };
		05D780C60E58FA7400FB00DB /* CoreGraphics.framework */ = {isa = PBXFileReference; lastKnownFileType = wrapper.framework; name = CoreGraphics.framework; path = System/Library/Frameworks/CoreGraphics.framework; sourceTree = SDKROOT; };
		05D7828C0E59152700FB00DB /* dist.plist */ = {isa = PBXFileReference; fileEncoding = 4; lastKnownFileType = text.plist.xml; path = dist.plist; sourceTree = "<group>"; };
		05DD21600F28EFC0001A8532 /* Beacon+OptIn.h */ = {isa = PBXFileReference; fileEncoding = 4; lastKnownFileType = sourcecode.c.h; path = "Beacon+OptIn.h"; sourceTree = "<group>"; };
		05DD21610F28EFC0001A8532 /* Beacon+OptIn.m */ = {isa = PBXFileReference; fileEncoding = 4; lastKnownFileType = sourcecode.c.objc; path = "Beacon+OptIn.m"; sourceTree = "<group>"; };
		05E03B470F2A33C5006E6190 /* BoardViewGL.m */ = {isa = PBXFileReference; fileEncoding = 4; lastKnownFileType = sourcecode.c.objc; path = BoardViewGL.m; sourceTree = "<group>"; };
		05E03B480F2A33C5006E6190 /* BoardView.h */ = {isa = PBXFileReference; fileEncoding = 4; lastKnownFileType = sourcecode.c.h; path = BoardView.h; sourceTree = "<group>"; };
		05E03BAD0F2B20F2006E6190 /* OpenGLES.framework */ = {isa = PBXFileReference; lastKnownFileType = wrapper.framework; name = OpenGLES.framework; path = System/Library/Frameworks/OpenGLES.framework; sourceTree = SDKROOT; };
		05E03BAF0F2B211B006E6190 /* libsqlite3.dylib */ = {isa = PBXFileReference; lastKnownFileType = "compiled.mach-o.dylib"; name = libsqlite3.dylib; path = usr/lib/libsqlite3.dylib; sourceTree = SDKROOT; };
		05E03BC70F2B2690006E6190 /* BoardTileView.h */ = {isa = PBXFileReference; fileEncoding = 4; lastKnownFileType = sourcecode.c.h; path = BoardTileView.h; sourceTree = "<group>"; };
		05E03BC80F2B2690006E6190 /* BoardTileView.m */ = {isa = PBXFileReference; fileEncoding = 4; lastKnownFileType = sourcecode.c.objc; path = BoardTileView.m; sourceTree = "<group>"; };
		05E03BCA0F2B2690006E6190 /* BoardView.m */ = {isa = PBXFileReference; fileEncoding = 4; lastKnownFileType = sourcecode.c.objc; path = BoardView.m; sourceTree = "<group>"; };
		1D30AB110D05D00D00671497 /* Foundation.framework */ = {isa = PBXFileReference; lastKnownFileType = wrapper.framework; name = Foundation.framework; path = System/Library/Frameworks/Foundation.framework; sourceTree = SDKROOT; };
		1D3623240D0F684500981E51 /* MobileOverloadAppDelegate.h */ = {isa = PBXFileReference; fileEncoding = 4; lastKnownFileType = sourcecode.c.h; path = MobileOverloadAppDelegate.h; sourceTree = "<group>"; };
		1D3623250D0F684500981E51 /* MobileOverloadAppDelegate.m */ = {isa = PBXFileReference; fileEncoding = 4; lastKnownFileType = sourcecode.c.objc; path = MobileOverloadAppDelegate.m; sourceTree = "<group>"; };
		1D6058910D05DD3D006BFB54 /* MobileOverload.app */ = {isa = PBXFileReference; explicitFileType = wrapper.application; includeInIndex = 0; path = MobileOverload.app; sourceTree = BUILT_PRODUCTS_DIR; };
		1DF5F4DF0D08C38300B7A737 /* UIKit.framework */ = {isa = PBXFileReference; lastKnownFileType = wrapper.framework; name = UIKit.framework; path = System/Library/Frameworks/UIKit.framework; sourceTree = SDKROOT; };
		280E754A0DD40C5E005A515E /* FlipsideView.xib */ = {isa = PBXFileReference; lastKnownFileType = file.xib; path = FlipsideView.xib; sourceTree = "<group>"; };
		280E754B0DD40C5E005A515E /* MainView.xib */ = {isa = PBXFileReference; lastKnownFileType = file.xib; path = MainView.xib; sourceTree = "<group>"; };
		280E754C0DD40C5E005A515E /* MainWindow.xib */ = {isa = PBXFileReference; lastKnownFileType = file.xib; path = MainWindow.xib; sourceTree = "<group>"; };
		289233A80DB2D0DB0083E9F9 /* BoardViewController.h */ = {isa = PBXFileReference; fileEncoding = 4; lastKnownFileType = sourcecode.c.h; path = BoardViewController.h; sourceTree = "<group>"; };
		289233A90DB2D0DB0083E9F9 /* BoardViewController.m */ = {isa = PBXFileReference; fileEncoding = 4; lastKnownFileType = sourcecode.c.objc; path = BoardViewController.m; sourceTree = "<group>"; };
		289233AA0DB2D0DB0083E9F9 /* RootViewController.h */ = {isa = PBXFileReference; fileEncoding = 4; lastKnownFileType = sourcecode.c.h; path = RootViewController.h; sourceTree = "<group>"; };
		289233AB0DB2D0DB0083E9F9 /* RootViewController.m */ = {isa = PBXFileReference; fileEncoding = 4; lastKnownFileType = sourcecode.c.objc; path = RootViewController.m; sourceTree = "<group>"; };
		289233AC0DB2D0DB0083E9F9 /* FlipsideViewController.h */ = {isa = PBXFileReference; fileEncoding = 4; lastKnownFileType = sourcecode.c.h; path = FlipsideViewController.h; sourceTree = "<group>"; };
		289233AD0DB2D0DB0083E9F9 /* FlipsideViewController.m */ = {isa = PBXFileReference; fileEncoding = 4; lastKnownFileType = sourcecode.c.objc; path = FlipsideViewController.m; sourceTree = "<group>"; };
		29B97316FDCFA39411CA2CEA /* main.m */ = {isa = PBXFileReference; fileEncoding = 4; lastKnownFileType = sourcecode.c.objc; path = main.m; sourceTree = "<group>"; };
		32CA4F630368D1EE00C91783 /* MobileOverload_Prefix.pch */ = {isa = PBXFileReference; fileEncoding = 4; lastKnownFileType = sourcecode.c.h; name = MobileOverload_Prefix.pch; path = ../../MobileOverload_Prefix.pch; sourceTree = "<group>"; };
		8D1107310486CEB800E47090 /* Info.plist */ = {isa = PBXFileReference; fileEncoding = 4; lastKnownFileType = text.plist.xml; path = Info.plist; sourceTree = "<group>"; };
/* End PBXFileReference section */

/* Begin PBXFrameworksBuildPhase section */
		1D60588F0D05DD3D006BFB54 /* Frameworks */ = {
			isa = PBXFrameworksBuildPhase;
			buildActionMask = 2147483647;
			files = (
				1D60589F0D05DD5A006BFB54 /* Foundation.framework in Frameworks */,
				1DF5F4E00D08C38300B7A737 /* UIKit.framework in Frameworks */,
				05D77FDF0E58E93F00FB00DB /* QuartzCore.framework in Frameworks */,
				05D780C70E58FA7400FB00DB /* CoreGraphics.framework in Frameworks */,
				0541F5370E5EFFEE000D6368 /* AudioToolbox.framework in Frameworks */,
				054F78610E97D7B000E17413 /* libPinchAnalytics.a in Frameworks */,
				054F78660E97D83400E17413 /* SystemConfiguration.framework in Frameworks */,
				054F78680E97D83900E17413 /* CoreLocation.framework in Frameworks */,
				053185710EF793EE0054A00D /* AVFoundation.framework in Frameworks */,
				05A7640D0EFE655C005D899A /* MediaPlayer.framework in Frameworks */,
				05E03BAE0F2B20F2006E6190 /* OpenGLES.framework in Frameworks */,
				05E03BB00F2B211B006E6190 /* libsqlite3.dylib in Frameworks */,
			);
			runOnlyForDeploymentPostprocessing = 0;
		};
/* End PBXFrameworksBuildPhase section */

/* Begin PBXGroup section */
		0511F3560E71B640003FFA22 /* Models */ = {
			isa = PBXGroup;
			children = (
				0511F3570E71B64E003FFA22 /* Board.h */,
				0511F3580E71B64E003FFA22 /* Board.m */,
			);
			path = Models;
			sourceTree = "<group>";
		};
		0511F69C0E744120003FFA22 /* Classes */ = {
			isa = PBXGroup;
			children = (
				0511F6A40E744754003FFA22 /* AI */,
				0511F3560E71B640003FFA22 /* Models */,
				05D77E970E58C7B900FB00DB /* Game Views */,
				281C6CD70DB2D82200F60ACC /* Settings View */,
				080E96DDFE201D6D7F000001 /* Application Controllers */,
				29B97315FDCFA39411CA2CEA /* Other Sources */,
			);
			path = Classes;
			sourceTree = "<group>";
		};
		0511F6A40E744754003FFA22 /* AI */ = {
			isa = PBXGroup;
			children = (
				0511F6A80E744774003FFA22 /* AI.h */,
				0511F6A90E744774003FFA22 /* AI.m */,
				0589082D0E749ECB0014135B /* AIMinMax.h */,
				0589082E0E749ECB0014135B /* AIMinMax.m */,
				05A762D70EFCE9EF005D899A /* AI2.h */,
				05A762D80EFCE9EF005D899A /* AI2.m */,
			);
			path = AI;
			sourceTree = "<group>";
		};
		05D77E970E58C7B900FB00DB /* Game Views */ = {
			isa = PBXGroup;
			children = (
				05E03BC60F2B2690006E6190 /* Board */,
				05E03B460F2A33B1006E6190 /* BoardGL */,
				289233A80DB2D0DB0083E9F9 /* BoardViewController.h */,
				289233A90DB2D0DB0083E9F9 /* BoardViewController.m */,
				0511F6160E743977003FFA22 /* OLSoundPlayer.h */,
				0511F6170E743977003FFA22 /* OLSoundPlayer.m */,
				05D77E980E58C7D400FB00DB /* ScoreBarView.h */,
				05D77E990E58C7D400FB00DB /* ScoreBarView.m */,
				054615CE0E5E0E9600DAF3BD /* ScoreIndicator.h */,
				054615CF0E5E0E9600DAF3BD /* ScoreIndicator.m */,
				05D77F8C0E58E62300FB00DB /* TypesAndConstants.h */,
				05D77F8D0E58E63E00FB00DB /* TypesAndConstants.m */,
			);
			path = "Game Views";
			sourceTree = "<group>";
		};
		05E03B460F2A33B1006E6190 /* BoardGL */ = {
			isa = PBXGroup;
			children = (
				05E03B470F2A33C5006E6190 /* BoardViewGL.m */,
				05E03B480F2A33C5006E6190 /* BoardView.h */,
			);
			path = BoardGL;
			sourceTree = "<group>";
		};
		05E03BC60F2B2690006E6190 /* Board */ = {
			isa = PBXGroup;
			children = (
				05E03BC70F2B2690006E6190 /* BoardTileView.h */,
				05E03BC80F2B2690006E6190 /* BoardTileView.m */,
				05E03BCA0F2B2690006E6190 /* BoardView.m */,
			);
			path = Board;
			sourceTree = "<group>";
		};
		080E96DDFE201D6D7F000001 /* Application Controllers */ = {
			isa = PBXGroup;
			children = (
				289233AA0DB2D0DB0083E9F9 /* RootViewController.h */,
				289233AB0DB2D0DB0083E9F9 /* RootViewController.m */,
				1D3623240D0F684500981E51 /* MobileOverloadAppDelegate.h */,
				1D3623250D0F684500981E51 /* MobileOverloadAppDelegate.m */,
			);
			path = "Application Controllers";
			sourceTree = "<group>";
		};
		19C28FACFE9D520D11CA2CBB /* Products */ = {
			isa = PBXGroup;
			children = (
				1D6058910D05DD3D006BFB54 /* MobileOverload.app */,
			);
			name = Products;
			sourceTree = "<group>";
		};
		281C6CD70DB2D82200F60ACC /* Settings View */ = {
			isa = PBXGroup;
			children = (
				289233AC0DB2D0DB0083E9F9 /* FlipsideViewController.h */,
				289233AD0DB2D0DB0083E9F9 /* FlipsideViewController.m */,
			);
			name = "Settings View";
			path = "Flipside View";
			sourceTree = "<group>";
		};
		29B97314FDCFA39411CA2CEA /* CustomTemplate */ = {
			isa = PBXGroup;
			children = (
				0511F69C0E744120003FFA22 /* Classes */,
				0530DFFD0E5B474700C73DC6 /* todo.taskpaper */,
				8D1107310486CEB800E47090 /* Info.plist */,
				05D7828C0E59152700FB00DB /* dist.plist */,
				0530E0310E5B59E200C73DC6 /* icon.png */,
				053494460E60BBF1003A834C /* Default.png */,
				29B97317FDCFA39411CA2CEA /* Resources */,
				29B97323FDCFA39411CA2CEA /* Frameworks */,
				19C28FACFE9D520D11CA2CBB /* Products */,
			);
			name = CustomTemplate;
			sourceTree = "<group>";
		};
		29B97315FDCFA39411CA2CEA /* Other Sources */ = {
			isa = PBXGroup;
			children = (
				054F785F0E97D7B000E17413 /* Beacon.h */,
				054F78600E97D7B000E17413 /* libPinchAnalytics.a */,
				0511F5740E742C5F003FFA22 /* CInvocationGrabber.m */,
				0511F5750E742C5F003FFA22 /* CInvocationGrabber.h */,
				32CA4F630368D1EE00C91783 /* MobileOverload_Prefix.pch */,
				29B97316FDCFA39411CA2CEA /* main.m */,
				058FEB850EF841DF006FDFDA /* AVAudioPlayerQueue.h */,
				058FEB860EF841DF006FDFDA /* AVAudioPlayerQueue.m */,
				05DD21600F28EFC0001A8532 /* Beacon+OptIn.h */,
				05DD21610F28EFC0001A8532 /* Beacon+OptIn.m */,
			);
			path = "Other Sources";
			sourceTree = "<group>";
		};
		29B97317FDCFA39411CA2CEA /* Resources */ = {
			isa = PBXGroup;
			children = (
				05CF88E40E5F78DF00E2D8B4 /* lose-p1.png */,
				05CF88E50E5F78DF00E2D8B4 /* win-p1.png */,
				05CF88E60E5F78DF00E2D8B4 /* lose-p2.png */,
				05CF88E70E5F78DF00E2D8B4 /* win-p2.png */,
				05CF88430E5F59BF00E2D8B4 /* tile.png */,
				0589946C0E5F162A002BF0FE /* charge75.wav */,
				0589946D0E5F162A002BF0FE /* charge100.wav */,
				0589946E0E5F162A002BF0FE /* charge50.wav */,
				0589946F0E5F162A002BF0FE /* charge25.wav */,
				053494250E60B1B4003A834C /* win.wav */,
				0589946A0E5F15BA002BF0FE /* explosion.wav */,
				0546168D0E5E220600DAF3BD /* gloss.png */,
				0517F4640E59EE700075F5A9 /* background.png */,
				0517F4090E59EAF40075F5A9 /* Text vertcal.png */,
				0517F3F70E59E6F30075F5A9 /* cog-screw.png */,
				0517F3F80E59E6F30075F5A9 /* cog 150px 6cog 35deg.png */,
				0517F3F90E59E6F30075F5A9 /* cog 150px 12cog 35deg.png */,
				280E754A0DD40C5E005A515E /* FlipsideView.xib */,
				280E754B0DD40C5E005A515E /* MainView.xib */,
				280E754C0DD40C5E005A515E /* MainWindow.xib */,
				05A7623F0EFBFD54005D899A /* tile-75.png */,
				05A762400EFBFD54005D899A /* tile-25.png */,
				05A762410EFBFD54005D899A /* tile-50.png */,
				05A762420EFBFD54005D899A /* tile-0.png */,
			);
			path = Resources;
			sourceTree = "<group>";
		};
		29B97323FDCFA39411CA2CEA /* Frameworks */ = {
			isa = PBXGroup;
			children = (
				05E03BAF0F2B211B006E6190 /* libsqlite3.dylib */,
				05E03BAD0F2B20F2006E6190 /* OpenGLES.framework */,
				05A7640C0EFE655C005D899A /* MediaPlayer.framework */,
				053185700EF793EE0054A00D /* AVFoundation.framework */,
				054F78650E97D83400E17413 /* SystemConfiguration.framework */,
				054F78670E97D83900E17413 /* CoreLocation.framework */,
				0541F5360E5EFFEE000D6368 /* AudioToolbox.framework */,
				05D780C60E58FA7400FB00DB /* CoreGraphics.framework */,
				05D77FDE0E58E93F00FB00DB /* QuartzCore.framework */,
				1D30AB110D05D00D00671497 /* Foundation.framework */,
				1DF5F4DF0D08C38300B7A737 /* UIKit.framework */,
			);
			name = Frameworks;
			sourceTree = "<group>";
		};
/* End PBXGroup section */

/* Begin PBXNativeTarget section */
		1D6058900D05DD3D006BFB54 /* MobileOverload */ = {
			isa = PBXNativeTarget;
			buildConfigurationList = 1D6058960D05DD3E006BFB54 /* Build configuration list for PBXNativeTarget "MobileOverload" */;
			buildPhases = (
				1D60588D0D05DD3D006BFB54 /* Resources */,
				1D60588E0D05DD3D006BFB54 /* Sources */,
				1D60588F0D05DD3D006BFB54 /* Frameworks */,
			);
			buildRules = (
			);
			dependencies = (
			);
			name = MobileOverload;
			productName = MobileOverload;
			productReference = 1D6058910D05DD3D006BFB54 /* MobileOverload.app */;
			productType = "com.apple.product-type.application";
		};
/* End PBXNativeTarget section */

/* Begin PBXProject section */
		29B97313FDCFA39411CA2CEA /* Project object */ = {
			isa = PBXProject;
			buildConfigurationList = C01FCF4E08A954540054247B /* Build configuration list for PBXProject "MobileOverload" */;
			compatibilityVersion = "Xcode 3.1";
			hasScannedForEncodings = 1;
			knownRegions = (
				English,
				Japanese,
				French,
				German,
				en,
			);
			mainGroup = 29B97314FDCFA39411CA2CEA /* CustomTemplate */;
			projectDirPath = "";
			projectRoot = "";
			targets = (
				1D6058900D05DD3D006BFB54 /* MobileOverload */,
			);
		};
/* End PBXProject section */

/* Begin PBXResourcesBuildPhase section */
		1D60588D0D05DD3D006BFB54 /* Resources */ = {
			isa = PBXResourcesBuildPhase;
			buildActionMask = 2147483647;
			files = (
				280E754D0DD40C5E005A515E /* FlipsideView.xib in Resources */,
				280E754E0DD40C5E005A515E /* MainView.xib in Resources */,
				280E754F0DD40C5E005A515E /* MainWindow.xib in Resources */,
				05D7828D0E59152700FB00DB /* dist.plist in Resources */,
				0517F3FA0E59E6F30075F5A9 /* cog-screw.png in Resources */,
				0517F3FB0E59E6F30075F5A9 /* cog 150px 6cog 35deg.png in Resources */,
				0517F3FC0E59E6F30075F5A9 /* cog 150px 12cog 35deg.png in Resources */,
				0517F40A0E59EAF40075F5A9 /* Text vertcal.png in Resources */,
				0517F4650E59EE700075F5A9 /* background.png in Resources */,
				0530E0320E5B59E200C73DC6 /* icon.png in Resources */,
				0546168E0E5E220600DAF3BD /* gloss.png in Resources */,
				0589946B0E5F15BA002BF0FE /* explosion.wav in Resources */,
				058994700E5F162A002BF0FE /* charge75.wav in Resources */,
				058994710E5F162A002BF0FE /* charge100.wav in Resources */,
				058994720E5F162A002BF0FE /* charge50.wav in Resources */,
				058994730E5F162A002BF0FE /* charge25.wav in Resources */,
				05CF88440E5F59BF00E2D8B4 /* tile.png in Resources */,
				05CF88E80E5F78DF00E2D8B4 /* lose-p1.png in Resources */,
				05CF88E90E5F78DF00E2D8B4 /* win-p1.png in Resources */,
				05CF88EA0E5F78DF00E2D8B4 /* lose-p2.png in Resources */,
				05CF88EB0E5F78DF00E2D8B4 /* win-p2.png in Resources */,
				053494260E60B1B4003A834C /* win.wav in Resources */,
				053494470E60BBF1003A834C /* Default.png in Resources */,
				05A762430EFBFD54005D899A /* tile-75.png in Resources */,
				05A762440EFBFD54005D899A /* tile-25.png in Resources */,
				05A762450EFBFD54005D899A /* tile-50.png in Resources */,
				05A762460EFBFD54005D899A /* tile-0.png in Resources */,
			);
			runOnlyForDeploymentPostprocessing = 0;
		};
/* End PBXResourcesBuildPhase section */

/* Begin PBXSourcesBuildPhase section */
		1D60588E0D05DD3D006BFB54 /* Sources */ = {
			isa = PBXSourcesBuildPhase;
			buildActionMask = 2147483647;
			files = (
				1D60589B0D05DD56006BFB54 /* main.m in Sources */,
				1D3623260D0F684500981E51 /* MobileOverloadAppDelegate.m in Sources */,
				289233AE0DB2D0DB0083E9F9 /* BoardViewController.m in Sources */,
				289233AF0DB2D0DB0083E9F9 /* RootViewController.m in Sources */,
				289233B00DB2D0DB0083E9F9 /* FlipsideViewController.m in Sources */,
				05D77E9A0E58C7D400FB00DB /* ScoreBarView.m in Sources */,
				05D77F8E0E58E63E00FB00DB /* TypesAndConstants.m in Sources */,
				054615D00E5E0E9600DAF3BD /* ScoreIndicator.m in Sources */,
				0511F3590E71B64E003FFA22 /* Board.m in Sources */,
				0511F5760E742C5F003FFA22 /* CInvocationGrabber.m in Sources */,
				0511F6180E743977003FFA22 /* OLSoundPlayer.m in Sources */,
				0511F6AA0E744774003FFA22 /* AI.m in Sources */,
				0589082F0E749ECB0014135B /* AIMinMax.m in Sources */,
				058FEB870EF841DF006FDFDA /* AVAudioPlayerQueue.m in Sources */,
				05A762D90EFCE9EF005D899A /* AI2.m in Sources */,
				05DD21620F28EFC0001A8532 /* Beacon+OptIn.m in Sources */,
				05E03B490F2A33C5006E6190 /* BoardViewGL.m in Sources */,
				05E03BCB0F2B2690006E6190 /* BoardTileView.m in Sources */,
				05E03BCC0F2B2690006E6190 /* BoardView.m in Sources */,
			);
			runOnlyForDeploymentPostprocessing = 0;
		};
/* End PBXSourcesBuildPhase section */

/* Begin XCBuildConfiguration section */
		052F84230E60C2CA000B9144 /* App Store Distribution */ = {
			isa = XCBuildConfiguration;
			buildSettings = {
				ARCHS = "$(ARCHS_STANDARD_32_BIT)";
				"CODE_SIGN_IDENTITY[sdk=iphoneos*]" = "iPhone Distribution: Joachim Bengtsson";
				GCC_C_LANGUAGE_STANDARD = c99;
				GCC_WARN_ABOUT_RETURN_TYPE = YES;
				GCC_WARN_UNUSED_VARIABLE = YES;
				PREBINDING = NO;
				"PROVISIONING_PROFILE[sdk=iphoneos*]" = "E6E6D5F3-0DCB-4A31-A93F-F3411184ACCA";
				SDKROOT = iphoneos2.2;
			};
			name = "App Store Distribution";
		};
		052F84240E60C2CA000B9144 /* App Store Distribution */ = {
			isa = XCBuildConfiguration;
			buildSettings = {
				ALWAYS_SEARCH_USER_PATHS = NO;
				"CODE_SIGN_IDENTITY[sdk=iphoneos*]" = "iPhone Distribution: Joachim Bengtsson";
				COPY_PHASE_STRIP = YES;
				GCC_C_LANGUAGE_STANDARD = c99;
				GCC_PRECOMPILE_PREFIX_HEADER = YES;
				GCC_PREFIX_HEADER = MobileOverload_Prefix.pch;
				GCC_PREPROCESSOR_DEFINITIONS = BOARDVIEW_OPENGL;
				GCC_THUMB_SUPPORT = NO;
				INFOPLIST_FILE = Info.plist;
				LIBRARY_SEARCH_PATHS = (
					"$(inherited)",
					"\"$(SRCROOT)/Classes/Other Sources\"",
				);
				PRODUCT_NAME = MobileOverload;
				SDKROOT = iphoneos2.2;
			};
			name = "App Store Distribution";
		};
		05D782750E590C8500FB00DB /* Beta Testing */ = {
			isa = XCBuildConfiguration;
			buildSettings = {
				ARCHS = "$(ARCHS_STANDARD_32_BIT)";
				"CODE_SIGN_IDENTITY[sdk=iphoneos*]" = "iPhone Distribution: Joachim Bengtsson";
				GCC_C_LANGUAGE_STANDARD = c99;
				GCC_WARN_ABOUT_RETURN_TYPE = YES;
				GCC_WARN_UNUSED_VARIABLE = YES;
				PREBINDING = NO;
				SDKROOT = iphoneos2.2;
			};
			name = "Beta Testing";
		};
		05D782760E590C8500FB00DB /* Beta Testing */ = {
			isa = XCBuildConfiguration;
			buildSettings = {
				ALWAYS_SEARCH_USER_PATHS = NO;
				CODE_SIGN_ENTITLEMENTS = dist.plist;
				"CODE_SIGN_IDENTITY[sdk=iphoneos*]" = "iPhone Distribution: Joachim Bengtsson";
				COPY_PHASE_STRIP = YES;
				GCC_C_LANGUAGE_STANDARD = c99;
				GCC_PRECOMPILE_PREFIX_HEADER = YES;
				GCC_PREFIX_HEADER = MobileOverload_Prefix.pch;
				GCC_PREPROCESSOR_DEFINITIONS = BOARDVIEW_OPENGL;
				GCC_THUMB_SUPPORT = NO;
				INFOPLIST_FILE = Info.plist;
				LIBRARY_SEARCH_PATHS = (
					"$(inherited)",
					"\"$(SRCROOT)/Classes/Other Sources\"",
				);
				PRODUCT_NAME = MobileOverload;
				"PROVISIONING_PROFILE[sdk=iphoneos*]" = "D7FCC216-D89B-478F-B5BF-6430AAE239EC";
				SDKROOT = iphoneos2.2;
			};
			name = "Beta Testing";
		};
		1D6058940D05DD3E006BFB54 /* Debug */ = {
			isa = XCBuildConfiguration;
			buildSettings = {
				ALWAYS_SEARCH_USER_PATHS = NO;
				COPY_PHASE_STRIP = NO;
				GCC_C_LANGUAGE_STANDARD = c99;
				GCC_DYNAMIC_NO_PIC = NO;
				GCC_OPTIMIZATION_LEVEL = 0;
				GCC_PRECOMPILE_PREFIX_HEADER = YES;
				GCC_PREFIX_HEADER = MobileOverload_Prefix.pch;
				GCC_PREPROCESSOR_DEFINITIONS = BOARDVIEW_OPENGL;
				GCC_THUMB_SUPPORT = NO;
				INFOPLIST_FILE = Info.plist;
				LIBRARY_SEARCH_PATHS = (
					"$(inherited)",
					"\"$(SRCROOT)/Classes/Other Sources\"",
				);
				PRODUCT_NAME = MobileOverload;
				SDKROOT = iphoneos2.2;
			};
			name = Debug;
		};
		1D6058950D05DD3E006BFB54 /* Release */ = {
			isa = XCBuildConfiguration;
			buildSettings = {
				ALWAYS_SEARCH_USER_PATHS = NO;
				COPY_PHASE_STRIP = YES;
				GCC_C_LANGUAGE_STANDARD = c99;
				GCC_PRECOMPILE_PREFIX_HEADER = YES;
				GCC_PREFIX_HEADER = MobileOverload_Prefix.pch;
				GCC_PREPROCESSOR_DEFINITIONS = BOARDVIEW_OPENGL;
				GCC_THUMB_SUPPORT = NO;
				INFOPLIST_FILE = Info.plist;
				LIBRARY_SEARCH_PATHS = (
					"$(inherited)",
					"\"$(SRCROOT)/Classes/Other Sources\"",
				);
				PRODUCT_NAME = MobileOverload;
				SDKROOT = iphoneos2.2;
			};
			name = Release;
		};
		C01FCF4F08A954540054247B /* Debug */ = {
			isa = XCBuildConfiguration;
			buildSettings = {
				ARCHS = "$(ARCHS_STANDARD_32_BIT)";
				"CODE_SIGN_IDENTITY[sdk=iphoneos*]" = "iPhone Developer";
				GCC_C_LANGUAGE_STANDARD = c99;
				GCC_WARN_ABOUT_RETURN_TYPE = YES;
				GCC_WARN_UNUSED_VARIABLE = YES;
				ONLY_ACTIVE_ARCH = YES;
				PREBINDING = NO;
				SDKROOT = iphoneos2.2;
			};
			name = Debug;
		};
		C01FCF5008A954540054247B /* Release */ = {
			isa = XCBuildConfiguration;
			buildSettings = {
				ARCHS = "$(ARCHS_STANDARD_32_BIT)";
				"CODE_SIGN_IDENTITY[sdk=iphoneos*]" = "iPhone Developer";
				GCC_C_LANGUAGE_STANDARD = c99;
				GCC_WARN_ABOUT_RETURN_TYPE = YES;
				GCC_WARN_UNUSED_VARIABLE = YES;
				PREBINDING = NO;
				SDKROOT = iphoneos2.2;
			};
			name = Release;
		};
/* End XCBuildConfiguration section */

/* Begin XCConfigurationList section */
		1D6058960D05DD3E006BFB54 /* Build configuration list for PBXNativeTarget "MobileOverload" */ = {
			isa = XCConfigurationList;
			buildConfigurations = (
				1D6058940D05DD3E006BFB54 /* Debug */,
				1D6058950D05DD3E006BFB54 /* Release */,
				052F84240E60C2CA000B9144 /* App Store Distribution */,
				05D782760E590C8500FB00DB /* Beta Testing */,
			);
			defaultConfigurationIsVisible = 0;
			defaultConfigurationName = Release;
		};
		C01FCF4E08A954540054247B /* Build configuration list for PBXProject "MobileOverload" */ = {
			isa = XCConfigurationList;
			buildConfigurations = (
				C01FCF4F08A954540054247B /* Debug */,
				C01FCF5008A954540054247B /* Release */,
				052F84230E60C2CA000B9144 /* App Store Distribution */,
				05D782750E590C8500FB00DB /* Beta Testing */,
			);
			defaultConfigurationIsVisible = 0;
			defaultConfigurationName = Release;
		};
/* End XCConfigurationList section */
	};
	rootObject = 29B97313FDCFA39411CA2CEA /* Project object */;
}
