// !$*UTF8*$!
{
	archiveVersion = 1;
	classes = {
	};
	objectVersion = 45;
	objects = {

/* Begin PBXBuildFile section */
		0517F3FA0E59E6F30075F5A9 /* cog-screw.png in Resources */ = {isa = PBXBuildFile; fileRef = 0517F3F70E59E6F30075F5A9 /* cog-screw.png */; };
		0517F3FB0E59E6F30075F5A9 /* cog 150px 6cog 35deg.png in Resources */ = {isa = PBXBuildFile; fileRef = 0517F3F80E59E6F30075F5A9 /* cog 150px 6cog 35deg.png */; };
		0517F3FC0E59E6F30075F5A9 /* cog 150px 12cog 35deg.png in Resources */ = {isa = PBXBuildFile; fileRef = 0517F3F90E59E6F30075F5A9 /* cog 150px 12cog 35deg.png */; };
		0517F40A0E59EAF40075F5A9 /* Text vertcal.png in Resources */ = {isa = PBXBuildFile; fileRef = 0517F4090E59EAF40075F5A9 /* Text vertcal.png */; };
		0517F4650E59EE700075F5A9 /* background.png in Resources */ = {isa = PBXBuildFile; fileRef = 0517F4640E59EE700075F5A9 /* background.png */; };
		0517F6DB0E5A2EA40075F5A9 /* bg-red.png in Resources */ = {isa = PBXBuildFile; fileRef = 0517F6DA0E5A2EA40075F5A9 /* bg-red.png */; };
		0530E0320E5B59E200C73DC6 /* overload_icon.png in Resources */ = {isa = PBXBuildFile; fileRef = 0530E0310E5B59E200C73DC6 /* overload_icon.png */; };
		05D77E9A0E58C7D400FB00DB /* ScoreBarView.m in Sources */ = {isa = PBXBuildFile; fileRef = 05D77E990E58C7D400FB00DB /* ScoreBarView.m */; };
		05D77E9D0E58C7E800FB00DB /* BoardTile.m in Sources */ = {isa = PBXBuildFile; fileRef = 05D77E9C0E58C7E800FB00DB /* BoardTile.m */; };
		05D77F280E58DB3C00FB00DB /* BoardView.m in Sources */ = {isa = PBXBuildFile; fileRef = 05D77F270E58DB3C00FB00DB /* BoardView.m */; };
		05D77F8E0E58E63E00FB00DB /* TypesAndConstants.m in Sources */ = {isa = PBXBuildFile; fileRef = 05D77F8D0E58E63E00FB00DB /* TypesAndConstants.m */; };
		05D77FDF0E58E93F00FB00DB /* QuartzCore.framework in Frameworks */ = {isa = PBXBuildFile; fileRef = 05D77FDE0E58E93F00FB00DB /* QuartzCore.framework */; };
		05D780C70E58FA7400FB00DB /* CoreGraphics.framework in Frameworks */ = {isa = PBXBuildFile; fileRef = 05D780C60E58FA7400FB00DB /* CoreGraphics.framework */; };
		05D7828D0E59152700FB00DB /* dist.plist in Resources */ = {isa = PBXBuildFile; fileRef = 05D7828C0E59152700FB00DB /* dist.plist */; };
		1D3623260D0F684500981E51 /* MobileOverloadAppDelegate.m in Sources */ = {isa = PBXBuildFile; fileRef = 1D3623250D0F684500981E51 /* MobileOverloadAppDelegate.m */; };
		1D60589B0D05DD56006BFB54 /* main.m in Sources */ = {isa = PBXBuildFile; fileRef = 29B97316FDCFA39411CA2CEA /* main.m */; };
		1D60589F0D05DD5A006BFB54 /* Foundation.framework in Frameworks */ = {isa = PBXBuildFile; fileRef = 1D30AB110D05D00D00671497 /* Foundation.framework */; };
		1DF5F4E00D08C38300B7A737 /* UIKit.framework in Frameworks */ = {isa = PBXBuildFile; fileRef = 1DF5F4DF0D08C38300B7A737 /* UIKit.framework */; };
		280E754D0DD40C5E005A515E /* FlipsideView.xib in Resources */ = {isa = PBXBuildFile; fileRef = 280E754A0DD40C5E005A515E /* FlipsideView.xib */; };
		280E754E0DD40C5E005A515E /* MainView.xib in Resources */ = {isa = PBXBuildFile; fileRef = 280E754B0DD40C5E005A515E /* MainView.xib */; };
		280E754F0DD40C5E005A515E /* MainWindow.xib in Resources */ = {isa = PBXBuildFile; fileRef = 280E754C0DD40C5E005A515E /* MainWindow.xib */; };
		289233A60DB2D0840083E9F9 /* FlipsideView.m in Sources */ = {isa = PBXBuildFile; fileRef = 289233A30DB2D0840083E9F9 /* FlipsideView.m */; };
		289233A70DB2D0840083E9F9 /* MainView.m in Sources */ = {isa = PBXBuildFile; fileRef = 289233A50DB2D0840083E9F9 /* MainView.m */; };
		289233AE0DB2D0DB0083E9F9 /* MainViewController.m in Sources */ = {isa = PBXBuildFile; fileRef = 289233A90DB2D0DB0083E9F9 /* MainViewController.m */; };
		289233AF0DB2D0DB0083E9F9 /* RootViewController.m in Sources */ = {isa = PBXBuildFile; fileRef = 289233AB0DB2D0DB0083E9F9 /* RootViewController.m */; };
		289233B00DB2D0DB0083E9F9 /* FlipsideViewController.m in Sources */ = {isa = PBXBuildFile; fileRef = 289233AD0DB2D0DB0083E9F9 /* FlipsideViewController.m */; };
/* End PBXBuildFile section */

/* Begin PBXFileReference section */
		0517F3F70E59E6F30075F5A9 /* cog-screw.png */ = {isa = PBXFileReference; lastKnownFileType = image.png; path = "cog-screw.png"; sourceTree = "<group>"; };
		0517F3F80E59E6F30075F5A9 /* cog 150px 6cog 35deg.png */ = {isa = PBXFileReference; lastKnownFileType = image.png; path = "cog 150px 6cog 35deg.png"; sourceTree = "<group>"; };
		0517F3F90E59E6F30075F5A9 /* cog 150px 12cog 35deg.png */ = {isa = PBXFileReference; lastKnownFileType = image.png; path = "cog 150px 12cog 35deg.png"; sourceTree = "<group>"; };
		0517F4090E59EAF40075F5A9 /* Text vertcal.png */ = {isa = PBXFileReference; lastKnownFileType = image.png; path = "Text vertcal.png"; sourceTree = "<group>"; };
		0517F4640E59EE700075F5A9 /* background.png */ = {isa = PBXFileReference; lastKnownFileType = image.png; path = background.png; sourceTree = "<group>"; };
		0517F6DA0E5A2EA40075F5A9 /* bg-red.png */ = {isa = PBXFileReference; lastKnownFileType = image.png; path = "bg-red.png"; sourceTree = "<group>"; };
		0530DFFD0E5B474700C73DC6 /* todo.taskpaper */ = {isa = PBXFileReference; fileEncoding = 4; lastKnownFileType = text; path = todo.taskpaper; sourceTree = "<group>"; };
		0530E0310E5B59E200C73DC6 /* overload_icon.png */ = {isa = PBXFileReference; lastKnownFileType = image.png; path = overload_icon.png; sourceTree = "<group>"; };
		05D77E980E58C7D400FB00DB /* ScoreBarView.h */ = {isa = PBXFileReference; fileEncoding = 4; lastKnownFileType = sourcecode.c.h; path = ScoreBarView.h; sourceTree = "<group>"; };
		05D77E990E58C7D400FB00DB /* ScoreBarView.m */ = {isa = PBXFileReference; fileEncoding = 4; lastKnownFileType = sourcecode.c.objc; path = ScoreBarView.m; sourceTree = "<group>"; };
		05D77E9B0E58C7E800FB00DB /* BoardTile.h */ = {isa = PBXFileReference; fileEncoding = 4; lastKnownFileType = sourcecode.c.h; path = BoardTile.h; sourceTree = "<group>"; };
		05D77E9C0E58C7E800FB00DB /* BoardTile.m */ = {isa = PBXFileReference; fileEncoding = 4; lastKnownFileType = sourcecode.c.objc; path = BoardTile.m; sourceTree = "<group>"; };
		05D77F260E58DB3C00FB00DB /* BoardView.h */ = {isa = PBXFileReference; fileEncoding = 4; lastKnownFileType = sourcecode.c.h; path = BoardView.h; sourceTree = "<group>"; };
		05D77F270E58DB3C00FB00DB /* BoardView.m */ = {isa = PBXFileReference; fileEncoding = 4; lastKnownFileType = sourcecode.c.objc; path = BoardView.m; sourceTree = "<group>"; };
		05D77F8C0E58E62300FB00DB /* TypesAndConstants.h */ = {isa = PBXFileReference; fileEncoding = 4; lastKnownFileType = sourcecode.c.h; path = TypesAndConstants.h; sourceTree = "<group>"; };
		05D77F8D0E58E63E00FB00DB /* TypesAndConstants.m */ = {isa = PBXFileReference; fileEncoding = 4; lastKnownFileType = sourcecode.c.objc; path = TypesAndConstants.m; sourceTree = "<group>"; };
		05D77FDE0E58E93F00FB00DB /* QuartzCore.framework */ = {isa = PBXFileReference; lastKnownFileType = wrapper.framework; name = QuartzCore.framework; path = /System/Library/Frameworks/QuartzCore.framework; sourceTree = "<absolute>"; };
		05D780C60E58FA7400FB00DB /* CoreGraphics.framework */ = {isa = PBXFileReference; lastKnownFileType = wrapper.framework; name = CoreGraphics.framework; path = System/Library/Frameworks/CoreGraphics.framework; sourceTree = SDKROOT; };
		05D7828C0E59152700FB00DB /* dist.plist */ = {isa = PBXFileReference; fileEncoding = 4; lastKnownFileType = text.plist.xml; path = dist.plist; sourceTree = "<group>"; };
		1D30AB110D05D00D00671497 /* Foundation.framework */ = {isa = PBXFileReference; lastKnownFileType = wrapper.framework; name = Foundation.framework; path = System/Library/Frameworks/Foundation.framework; sourceTree = SDKROOT; };
		1D3623240D0F684500981E51 /* MobileOverloadAppDelegate.h */ = {isa = PBXFileReference; fileEncoding = 4; lastKnownFileType = sourcecode.c.h; path = MobileOverloadAppDelegate.h; sourceTree = "<group>"; };
		1D3623250D0F684500981E51 /* MobileOverloadAppDelegate.m */ = {isa = PBXFileReference; fileEncoding = 4; lastKnownFileType = sourcecode.c.objc; path = MobileOverloadAppDelegate.m; sourceTree = "<group>"; };
		1D6058910D05DD3D006BFB54 /* MobileOverload.app */ = {isa = PBXFileReference; explicitFileType = wrapper.application; includeInIndex = 0; path = MobileOverload.app; sourceTree = BUILT_PRODUCTS_DIR; };
		1DF5F4DF0D08C38300B7A737 /* UIKit.framework */ = {isa = PBXFileReference; lastKnownFileType = wrapper.framework; name = UIKit.framework; path = System/Library/Frameworks/UIKit.framework; sourceTree = SDKROOT; };
		280E754A0DD40C5E005A515E /* FlipsideView.xib */ = {isa = PBXFileReference; lastKnownFileType = file.xib; path = FlipsideView.xib; sourceTree = "<group>"; };
		280E754B0DD40C5E005A515E /* MainView.xib */ = {isa = PBXFileReference; lastKnownFileType = file.xib; path = MainView.xib; sourceTree = "<group>"; };
		280E754C0DD40C5E005A515E /* MainWindow.xib */ = {isa = PBXFileReference; lastKnownFileType = file.xib; path = MainWindow.xib; sourceTree = "<group>"; };
		289233A20DB2D0840083E9F9 /* FlipsideView.h */ = {isa = PBXFileReference; fileEncoding = 4; lastKnownFileType = sourcecode.c.h; name = FlipsideView.h; path = Classes/FlipsideView.h; sourceTree = "<group>"; };
		289233A30DB2D0840083E9F9 /* FlipsideView.m */ = {isa = PBXFileReference; fileEncoding = 4; lastKnownFileType = sourcecode.c.objc; name = FlipsideView.m; path = Classes/FlipsideView.m; sourceTree = "<group>"; };
		289233A40DB2D0840083E9F9 /* MainView.h */ = {isa = PBXFileReference; fileEncoding = 4; lastKnownFileType = sourcecode.c.h; name = MainView.h; path = Classes/MainView.h; sourceTree = "<group>"; };
		289233A50DB2D0840083E9F9 /* MainView.m */ = {isa = PBXFileReference; fileEncoding = 4; lastKnownFileType = sourcecode.c.objc; name = MainView.m; path = Classes/MainView.m; sourceTree = "<group>"; };
		289233A80DB2D0DB0083E9F9 /* MainViewController.h */ = {isa = PBXFileReference; fileEncoding = 4; lastKnownFileType = sourcecode.c.h; name = MainViewController.h; path = Classes/MainViewController.h; sourceTree = "<group>"; };
		289233A90DB2D0DB0083E9F9 /* MainViewController.m */ = {isa = PBXFileReference; fileEncoding = 4; lastKnownFileType = sourcecode.c.objc; name = MainViewController.m; path = Classes/MainViewController.m; sourceTree = "<group>"; };
		289233AA0DB2D0DB0083E9F9 /* RootViewController.h */ = {isa = PBXFileReference; fileEncoding = 4; lastKnownFileType = sourcecode.c.h; path = RootViewController.h; sourceTree = "<group>"; };
		289233AB0DB2D0DB0083E9F9 /* RootViewController.m */ = {isa = PBXFileReference; fileEncoding = 4; lastKnownFileType = sourcecode.c.objc; path = RootViewController.m; sourceTree = "<group>"; };
		289233AC0DB2D0DB0083E9F9 /* FlipsideViewController.h */ = {isa = PBXFileReference; fileEncoding = 4; lastKnownFileType = sourcecode.c.h; name = FlipsideViewController.h; path = Classes/FlipsideViewController.h; sourceTree = "<group>"; };
		289233AD0DB2D0DB0083E9F9 /* FlipsideViewController.m */ = {isa = PBXFileReference; fileEncoding = 4; lastKnownFileType = sourcecode.c.objc; name = FlipsideViewController.m; path = Classes/FlipsideViewController.m; sourceTree = "<group>"; };
		29B97316FDCFA39411CA2CEA /* main.m */ = {isa = PBXFileReference; fileEncoding = 4; lastKnownFileType = sourcecode.c.objc; path = main.m; sourceTree = "<group>"; };
		32CA4F630368D1EE00C91783 /* MobileOverload_Prefix.pch */ = {isa = PBXFileReference; fileEncoding = 4; lastKnownFileType = sourcecode.c.h; path = MobileOverload_Prefix.pch; sourceTree = "<group>"; };
		8D1107310486CEB800E47090 /* Info.plist */ = {isa = PBXFileReference; fileEncoding = 4; lastKnownFileType = text.plist.xml; path = Info.plist; sourceTree = "<group>"; };
/* End PBXFileReference section */

/* Begin PBXFrameworksBuildPhase section */
		1D60588F0D05DD3D006BFB54 /* Frameworks */ = {
			isa = PBXFrameworksBuildPhase;
			buildActionMask = 2147483647;
			files = (
				1D60589F0D05DD5A006BFB54 /* Foundation.framework in Frameworks */,
				1DF5F4E00D08C38300B7A737 /* UIKit.framework in Frameworks */,
				05D77FDF0E58E93F00FB00DB /* QuartzCore.framework in Frameworks */,
				05D780C70E58FA7400FB00DB /* CoreGraphics.framework in Frameworks */,
			);
			runOnlyForDeploymentPostprocessing = 0;
		};
/* End PBXFrameworksBuildPhase section */

/* Begin PBXGroup section */
		05D77E970E58C7B900FB00DB /* Game Views */ = {
			isa = PBXGroup;
			children = (
				05D77E980E58C7D400FB00DB /* ScoreBarView.h */,
				05D77E990E58C7D400FB00DB /* ScoreBarView.m */,
				05D77E9B0E58C7E800FB00DB /* BoardTile.h */,
				05D77E9C0E58C7E800FB00DB /* BoardTile.m */,
				05D77F260E58DB3C00FB00DB /* BoardView.h */,
				05D77F270E58DB3C00FB00DB /* BoardView.m */,
				05D77F8C0E58E62300FB00DB /* TypesAndConstants.h */,
				05D77F8D0E58E63E00FB00DB /* TypesAndConstants.m */,
			);
			name = "Game Views";
			path = "Classes/Game Views";
			sourceTree = "<group>";
		};
		080E96DDFE201D6D7F000001 /* Application Controllers */ = {
			isa = PBXGroup;
			children = (
				289233AA0DB2D0DB0083E9F9 /* RootViewController.h */,
				289233AB0DB2D0DB0083E9F9 /* RootViewController.m */,
				1D3623240D0F684500981E51 /* MobileOverloadAppDelegate.h */,
				1D3623250D0F684500981E51 /* MobileOverloadAppDelegate.m */,
			);
			name = "Application Controllers";
			path = Classes;
			sourceTree = "<group>";
		};
		19C28FACFE9D520D11CA2CBB /* Products */ = {
			isa = PBXGroup;
			children = (
				1D6058910D05DD3D006BFB54 /* MobileOverload.app */,
			);
			name = Products;
			sourceTree = "<group>";
		};
		281C6CD70DB2D82200F60ACC /* Flipside View */ = {
			isa = PBXGroup;
			children = (
				289233A20DB2D0840083E9F9 /* FlipsideView.h */,
				289233A30DB2D0840083E9F9 /* FlipsideView.m */,
				289233AC0DB2D0DB0083E9F9 /* FlipsideViewController.h */,
				289233AD0DB2D0DB0083E9F9 /* FlipsideViewController.m */,
			);
			name = "Flipside View";
			sourceTree = "<group>";
		};
		289233A00DB2D0730083E9F9 /* Main View */ = {
			isa = PBXGroup;
			children = (
				289233A40DB2D0840083E9F9 /* MainView.h */,
				289233A50DB2D0840083E9F9 /* MainView.m */,
				289233A80DB2D0DB0083E9F9 /* MainViewController.h */,
				289233A90DB2D0DB0083E9F9 /* MainViewController.m */,
			);
			name = "Main View";
			sourceTree = "<group>";
		};
		29B97314FDCFA39411CA2CEA /* CustomTemplate */ = {
			isa = PBXGroup;
			children = (
				0530DFFD0E5B474700C73DC6 /* todo.taskpaper */,
				05D77E970E58C7B900FB00DB /* Game Views */,
				289233A00DB2D0730083E9F9 /* Main View */,
				281C6CD70DB2D82200F60ACC /* Flipside View */,
				080E96DDFE201D6D7F000001 /* Application Controllers */,
				29B97315FDCFA39411CA2CEA /* Other Sources */,
				29B97317FDCFA39411CA2CEA /* Resources */,
				29B97323FDCFA39411CA2CEA /* Frameworks */,
				19C28FACFE9D520D11CA2CBB /* Products */,
			);
			name = CustomTemplate;
			sourceTree = "<group>";
		};
		29B97315FDCFA39411CA2CEA /* Other Sources */ = {
			isa = PBXGroup;
			children = (
				32CA4F630368D1EE00C91783 /* MobileOverload_Prefix.pch */,
				29B97316FDCFA39411CA2CEA /* main.m */,
			);
			name = "Other Sources";
			sourceTree = "<group>";
		};
		29B97317FDCFA39411CA2CEA /* Resources */ = {
			isa = PBXGroup;
			children = (
				0530E0310E5B59E200C73DC6 /* overload_icon.png */,
				0517F6DA0E5A2EA40075F5A9 /* bg-red.png */,
				0517F4640E59EE700075F5A9 /* background.png */,
				0517F4090E59EAF40075F5A9 /* Text vertcal.png */,
				0517F3F70E59E6F30075F5A9 /* cog-screw.png */,
				0517F3F80E59E6F30075F5A9 /* cog 150px 6cog 35deg.png */,
				0517F3F90E59E6F30075F5A9 /* cog 150px 12cog 35deg.png */,
				280E754A0DD40C5E005A515E /* FlipsideView.xib */,
				280E754B0DD40C5E005A515E /* MainView.xib */,
				280E754C0DD40C5E005A515E /* MainWindow.xib */,
				8D1107310486CEB800E47090 /* Info.plist */,
				05D7828C0E59152700FB00DB /* dist.plist */,
			);
			name = Resources;
			sourceTree = "<group>";
		};
		29B97323FDCFA39411CA2CEA /* Frameworks */ = {
			isa = PBXGroup;
			children = (
				05D780C60E58FA7400FB00DB /* CoreGraphics.framework */,
				05D77FDE0E58E93F00FB00DB /* QuartzCore.framework */,
				1D30AB110D05D00D00671497 /* Foundation.framework */,
				1DF5F4DF0D08C38300B7A737 /* UIKit.framework */,
			);
			name = Frameworks;
			sourceTree = "<group>";
		};
/* End PBXGroup section */

/* Begin PBXNativeTarget section */
		1D6058900D05DD3D006BFB54 /* MobileOverload */ = {
			isa = PBXNativeTarget;
			buildConfigurationList = 1D6058960D05DD3E006BFB54 /* Build configuration list for PBXNativeTarget "MobileOverload" */;
			buildPhases = (
				1D60588D0D05DD3D006BFB54 /* Resources */,
				1D60588E0D05DD3D006BFB54 /* Sources */,
				1D60588F0D05DD3D006BFB54 /* Frameworks */,
			);
			buildRules = (
			);
			dependencies = (
			);
			name = MobileOverload;
			productName = MobileOverload;
			productReference = 1D6058910D05DD3D006BFB54 /* MobileOverload.app */;
			productType = "com.apple.product-type.application";
		};
/* End PBXNativeTarget section */

/* Begin PBXProject section */
		29B97313FDCFA39411CA2CEA /* Project object */ = {
			isa = PBXProject;
			buildConfigurationList = C01FCF4E08A954540054247B /* Build configuration list for PBXProject "MobileOverload" */;
			compatibilityVersion = "Xcode 3.1";
			hasScannedForEncodings = 1;
			knownRegions = (
				English,
				Japanese,
				French,
				German,
				en,
			);
			mainGroup = 29B97314FDCFA39411CA2CEA /* CustomTemplate */;
			projectDirPath = "";
			projectRoot = "";
			targets = (
				1D6058900D05DD3D006BFB54 /* MobileOverload */,
			);
		};
/* End PBXProject section */

/* Begin PBXResourcesBuildPhase section */
		1D60588D0D05DD3D006BFB54 /* Resources */ = {
			isa = PBXResourcesBuildPhase;
			buildActionMask = 2147483647;
			files = (
				280E754D0DD40C5E005A515E /* FlipsideView.xib in Resources */,
				280E754E0DD40C5E005A515E /* MainView.xib in Resources */,
				280E754F0DD40C5E005A515E /* MainWindow.xib in Resources */,
				05D7828D0E59152700FB00DB /* dist.plist in Resources */,
				0517F3FA0E59E6F30075F5A9 /* cog-screw.png in Resources */,
				0517F3FB0E59E6F30075F5A9 /* cog 150px 6cog 35deg.png in Resources */,
				0517F3FC0E59E6F30075F5A9 /* cog 150px 12cog 35deg.png in Resources */,
				0517F40A0E59EAF40075F5A9 /* Text vertcal.png in Resources */,
				0517F4650E59EE700075F5A9 /* background.png in Resources */,
				0517F6DB0E5A2EA40075F5A9 /* bg-red.png in Resources */,
				0530E0320E5B59E200C73DC6 /* overload_icon.png in Resources */,
			);
			runOnlyForDeploymentPostprocessing = 0;
		};
/* End PBXResourcesBuildPhase section */

/* Begin PBXSourcesBuildPhase section */
		1D60588E0D05DD3D006BFB54 /* Sources */ = {
			isa = PBXSourcesBuildPhase;
			buildActionMask = 2147483647;
			files = (
				1D60589B0D05DD56006BFB54 /* main.m in Sources */,
				1D3623260D0F684500981E51 /* MobileOverloadAppDelegate.m in Sources */,
				289233A60DB2D0840083E9F9 /* FlipsideView.m in Sources */,
				289233A70DB2D0840083E9F9 /* MainView.m in Sources */,
				289233AE0DB2D0DB0083E9F9 /* MainViewController.m in Sources */,
				289233AF0DB2D0DB0083E9F9 /* RootViewController.m in Sources */,
				289233B00DB2D0DB0083E9F9 /* FlipsideViewController.m in Sources */,
				05D77E9A0E58C7D400FB00DB /* ScoreBarView.m in Sources */,
				05D77E9D0E58C7E800FB00DB /* BoardTile.m in Sources */,
				05D77F280E58DB3C00FB00DB /* BoardView.m in Sources */,
				05D77F8E0E58E63E00FB00DB /* TypesAndConstants.m in Sources */,
			);
			runOnlyForDeploymentPostprocessing = 0;
		};
/* End PBXSourcesBuildPhase section */

/* Begin XCBuildConfiguration section */
		05D782750E590C8500FB00DB /* Beta Testing */ = {
			isa = XCBuildConfiguration;
			buildSettings = {
				ARCHS = "$(ARCHS_STANDARD_32_BIT)";
				"CODE_SIGN_IDENTITY[sdk=iphoneos*]" = "";
				GCC_C_LANGUAGE_STANDARD = c99;
				GCC_WARN_ABOUT_RETURN_TYPE = YES;
				GCC_WARN_UNUSED_VARIABLE = YES;
				PREBINDING = NO;
				SDKROOT = iphoneos2.0;
			};
			name = "Beta Testing";
		};
		05D782760E590C8500FB00DB /* Beta Testing */ = {
			isa = XCBuildConfiguration;
			buildSettings = {
				ALWAYS_SEARCH_USER_PATHS = NO;
				CODE_SIGN_ENTITLEMENTS = dist.plist;
				"CODE_SIGN_IDENTITY[sdk=iphoneos*]" = "iPhone Distribution: Joachim Bengtsson";
				COPY_PHASE_STRIP = YES;
				GCC_PRECOMPILE_PREFIX_HEADER = YES;
				GCC_PREFIX_HEADER = MobileOverload_Prefix.pch;
				INFOPLIST_FILE = Info.plist;
				PRODUCT_NAME = MobileOverload;
				"PROVISIONING_PROFILE[sdk=iphoneos*]" = "CB2AA25A-25D8-46E8-A460-715C1CE09CFB";
			};
			name = "Beta Testing";
		};
		1D6058940D05DD3E006BFB54 /* Debug */ = {
			isa = XCBuildConfiguration;
			buildSettings = {
				ALWAYS_SEARCH_USER_PATHS = NO;
				COPY_PHASE_STRIP = NO;
				GCC_DYNAMIC_NO_PIC = NO;
				GCC_OPTIMIZATION_LEVEL = 0;
				GCC_PRECOMPILE_PREFIX_HEADER = YES;
				GCC_PREFIX_HEADER = MobileOverload_Prefix.pch;
				INFOPLIST_FILE = Info.plist;
				PRODUCT_NAME = MobileOverload;
			};
			name = Debug;
		};
		1D6058950D05DD3E006BFB54 /* Release */ = {
			isa = XCBuildConfiguration;
			buildSettings = {
				ALWAYS_SEARCH_USER_PATHS = NO;
				COPY_PHASE_STRIP = YES;
				GCC_PRECOMPILE_PREFIX_HEADER = YES;
				GCC_PREFIX_HEADER = MobileOverload_Prefix.pch;
				INFOPLIST_FILE = Info.plist;
				PRODUCT_NAME = MobileOverload;
			};
			name = Release;
		};
		C01FCF4F08A954540054247B /* Debug */ = {
			isa = XCBuildConfiguration;
			buildSettings = {
				ARCHS = "$(ARCHS_STANDARD_32_BIT)";
				"CODE_SIGN_IDENTITY[sdk=iphoneos*]" = "iPhone Developer";
				GCC_C_LANGUAGE_STANDARD = c99;
				GCC_WARN_ABOUT_RETURN_TYPE = YES;
				GCC_WARN_UNUSED_VARIABLE = YES;
				ONLY_ACTIVE_ARCH = YES;
				PREBINDING = NO;
				SDKROOT = iphoneos2.0;
			};
			name = Debug;
		};
		C01FCF5008A954540054247B /* Release */ = {
			isa = XCBuildConfiguration;
			buildSettings = {
				ARCHS = "$(ARCHS_STANDARD_32_BIT)";
				"CODE_SIGN_IDENTITY[sdk=iphoneos*]" = "iPhone Developer";
				GCC_C_LANGUAGE_STANDARD = c99;
				GCC_WARN_ABOUT_RETURN_TYPE = YES;
				GCC_WARN_UNUSED_VARIABLE = YES;
				PREBINDING = NO;
				SDKROOT = iphoneos2.0;
			};
			name = Release;
		};
/* End XCBuildConfiguration section */

/* Begin XCConfigurationList section */
		1D6058960D05DD3E006BFB54 /* Build configuration list for PBXNativeTarget "MobileOverload" */ = {
			isa = XCConfigurationList;
			buildConfigurations = (
				1D6058940D05DD3E006BFB54 /* Debug */,
				1D6058950D05DD3E006BFB54 /* Release */,
				05D782760E590C8500FB00DB /* Beta Testing */,
			);
			defaultConfigurationIsVisible = 0;
			defaultConfigurationName = Release;
		};
		C01FCF4E08A954540054247B /* Build configuration list for PBXProject "MobileOverload" */ = {
			isa = XCConfigurationList;
			buildConfigurations = (
				C01FCF4F08A954540054247B /* Debug */,
				C01FCF5008A954540054247B /* Release */,
				05D782750E590C8500FB00DB /* Beta Testing */,
			);
			defaultConfigurationIsVisible = 0;
			defaultConfigurationName = Release;
		};
/* End XCConfigurationList section */
	};
	rootObject = 29B97313FDCFA39411CA2CEA /* Project object */;
}
